
Microsoft Visual Studio Solution File, Format Version 12.00
# Visual Studio 15
VisualStudioVersion = 15.0.28307.329
MinimumVisualStudioVersion = 10.0.40219.1
Project("{FAE04EC0-301F-11D3-BF4B-00C04F79EFBC}") = "JamminsApp", "JamminsApp\JamminsApp.csproj", "{703EDE8B-7114-45A1-B3F6-8010774C91E3}"
EndProject
Global
	GlobalSection(SolutionConfigurationPlatforms) = preSolution
		Debug|Any CPU = Debug|Any CPU
		Release|Any CPU = Release|Any CPU
	EndGlobalSection
	GlobalSection(ProjectConfigurationPlatforms) = postSolution
		{703EDE8B-7114-45A1-B3F6-8010774C91E3}.Debug|Any CPU.ActiveCfg = Debug|Any CPU
		{703EDE8B-7114-45A1-B3F6-8010774C91E3}.Debug|Any CPU.Build.0 = Debug|Any CPU
		{703EDE8B-7114-45A1-B3F6-8010774C91E3}.Release|Any CPU.ActiveCfg = Release|Any CPU
		{703EDE8B-7114-45A1-B3F6-8010774C91E3}.Release|Any CPU.Build.0 = Release|Any CPU
	EndGlobalSection
	GlobalSection(SolutionProperties) = preSolution
		HideSolutionNode = FALSE
	EndGlobalSection
	GlobalSection(ExtensibilityGlobals) = postSolution
		SolutionGuid = {AA000748-81A3-4758-8BDA-AA7E48E81C67}
	EndGlobalSection
EndGlobal
